// !$*UTF8*$!
{
	archiveVersion = 1;
	classes = {
	};
	objectVersion = 56;
	objects = {

/* Begin PBXBuildFile section */
		EA8CE9E22C841281009748C4 /* MainFonts.swift in Sources */ = {isa = PBXBuildFile; fileRef = EA8CE9E12C841281009748C4 /* MainFonts.swift */; };
		EA8CE9E42C84128D009748C4 /* MainImages.swift in Sources */ = {isa = PBXBuildFile; fileRef = EA8CE9E32C84128D009748C4 /* MainImages.swift */; };
		EA8DB9B32C800F5800D80D94 /* MainAssetsTests.swift in Sources */ = {isa = PBXBuildFile; fileRef = EA8DB9B22C800F5800D80D94 /* MainAssetsTests.swift */; };
		EA8DB9B52C8016C400D80D94 /* MatchesList.swift in Sources */ = {isa = PBXBuildFile; fileRef = EA8DB9B42C8016C400D80D94 /* MatchesList.swift */; };
		EA8DB9B72C8018BE00D80D94 /* MatchRow.swift in Sources */ = {isa = PBXBuildFile; fileRef = EA8DB9B62C8018BE00D80D94 /* MatchRow.swift */; };
		EA8DB9B92C80197A00D80D94 /* MatchesList+ViewModel.swift in Sources */ = {isa = PBXBuildFile; fileRef = EA8DB9B82C80197A00D80D94 /* MatchesList+ViewModel.swift */; };
		EA9BCE752C83D97600F2A434 /* Localizable.strings in Resources */ = {isa = PBXBuildFile; fileRef = EA9BCE772C83D97600F2A434 /* Localizable.strings */; };
		EA9BCE7B2C83E3DA00F2A434 /* PlaceholderImage.swift in Sources */ = {isa = PBXBuildFile; fileRef = EA9BCE7A2C83E3DA00F2A434 /* PlaceholderImage.swift */; };
		EA9BCE7D2C83E65700F2A434 /* MatchTeams.swift in Sources */ = {isa = PBXBuildFile; fileRef = EA9BCE7C2C83E65700F2A434 /* MatchTeams.swift */; };
		EA9BCE7F2C83EE6700F2A434 /* MatchRow+Model.swift in Sources */ = {isa = PBXBuildFile; fileRef = EA9BCE7E2C83EE6700F2A434 /* MatchRow+Model.swift */; };
		EA9BCE842C83F91600F2A434 /* Roboto-Medium.ttf in Resources */ = {isa = PBXBuildFile; fileRef = EA9BCE812C83F91500F2A434 /* Roboto-Medium.ttf */; };
		EA9BCE852C83F91600F2A434 /* Roboto-Regular.ttf in Resources */ = {isa = PBXBuildFile; fileRef = EA9BCE822C83F91600F2A434 /* Roboto-Regular.ttf */; };
		EA9BCE862C83F91600F2A434 /* Roboto-Bold.ttf in Resources */ = {isa = PBXBuildFile; fileRef = EA9BCE832C83F91600F2A434 /* Roboto-Bold.ttf */; };
		EA9C38042C7FBA22004B3CE1 /* SplashView.swift in Sources */ = {isa = PBXBuildFile; fileRef = EA9C38032C7FBA22004B3CE1 /* SplashView.swift */; };
		EA9C38072C7FBCD6004B3CE1 /* MainColors.swift in Sources */ = {isa = PBXBuildFile; fileRef = EA9C38062C7FBCD6004B3CE1 /* MainColors.swift */; };
		EAF2EFA52C7EC760001B60B3 /* CSTVApp.swift in Sources */ = {isa = PBXBuildFile; fileRef = EAF2EFA42C7EC760001B60B3 /* CSTVApp.swift */; };
		EAF2EFA92C7EC762001B60B3 /* Assets.xcassets in Resources */ = {isa = PBXBuildFile; fileRef = EAF2EFA82C7EC762001B60B3 /* Assets.xcassets */; };
		EAF2EFAC2C7EC762001B60B3 /* Preview Assets.xcassets in Resources */ = {isa = PBXBuildFile; fileRef = EAF2EFAB2C7EC762001B60B3 /* Preview Assets.xcassets */; };
/* End PBXBuildFile section */

/* Begin PBXContainerItemProxy section */
		EAF2EFB22C7EC763001B60B3 /* PBXContainerItemProxy */ = {
			isa = PBXContainerItemProxy;
			containerPortal = EAF2EF992C7EC760001B60B3 /* Project object */;
			proxyType = 1;
			remoteGlobalIDString = EAF2EFA02C7EC760001B60B3;
			remoteInfo = CSTV;
		};
/* End PBXContainerItemProxy section */

/* Begin PBXFileReference section */
		EA8CE9E12C841281009748C4 /* MainFonts.swift */ = {isa = PBXFileReference; lastKnownFileType = sourcecode.swift; path = MainFonts.swift; sourceTree = "<group>"; };
		EA8CE9E32C84128D009748C4 /* MainImages.swift */ = {isa = PBXFileReference; lastKnownFileType = sourcecode.swift; path = MainImages.swift; sourceTree = "<group>"; };
		EA8DB9B22C800F5800D80D94 /* MainAssetsTests.swift */ = {isa = PBXFileReference; lastKnownFileType = sourcecode.swift; path = MainAssetsTests.swift; sourceTree = "<group>"; };
		EA8DB9B42C8016C400D80D94 /* MatchesList.swift */ = {isa = PBXFileReference; lastKnownFileType = sourcecode.swift; path = MatchesList.swift; sourceTree = "<group>"; };
		EA8DB9B62C8018BE00D80D94 /* MatchRow.swift */ = {isa = PBXFileReference; lastKnownFileType = sourcecode.swift; path = MatchRow.swift; sourceTree = "<group>"; };
		EA8DB9B82C80197A00D80D94 /* MatchesList+ViewModel.swift */ = {isa = PBXFileReference; lastKnownFileType = sourcecode.swift; path = "MatchesList+ViewModel.swift"; sourceTree = "<group>"; };
		EA9BCE762C83D97600F2A434 /* en */ = {isa = PBXFileReference; lastKnownFileType = text.plist.strings; name = en; path = en.lproj/Localizable.strings; sourceTree = "<group>"; };
		EA9BCE782C83D97900F2A434 /* pt-BR */ = {isa = PBXFileReference; lastKnownFileType = text.plist.strings; name = "pt-BR"; path = "pt-BR.lproj/Localizable.strings"; sourceTree = "<group>"; };
		EA9BCE792C83DBD900F2A434 /* Info.plist */ = {isa = PBXFileReference; lastKnownFileType = text.plist.xml; path = Info.plist; sourceTree = "<group>"; };
		EA9BCE7A2C83E3DA00F2A434 /* PlaceholderImage.swift */ = {isa = PBXFileReference; lastKnownFileType = sourcecode.swift; path = PlaceholderImage.swift; sourceTree = "<group>"; };
		EA9BCE7C2C83E65700F2A434 /* MatchTeams.swift */ = {isa = PBXFileReference; lastKnownFileType = sourcecode.swift; path = MatchTeams.swift; sourceTree = "<group>"; };
		EA9BCE7E2C83EE6700F2A434 /* MatchRow+Model.swift */ = {isa = PBXFileReference; lastKnownFileType = sourcecode.swift; path = "MatchRow+Model.swift"; sourceTree = "<group>"; };
		EA9BCE812C83F91500F2A434 /* Roboto-Medium.ttf */ = {isa = PBXFileReference; lastKnownFileType = file; path = "Roboto-Medium.ttf"; sourceTree = "<group>"; };
		EA9BCE822C83F91600F2A434 /* Roboto-Regular.ttf */ = {isa = PBXFileReference; lastKnownFileType = file; path = "Roboto-Regular.ttf"; sourceTree = "<group>"; };
		EA9BCE832C83F91600F2A434 /* Roboto-Bold.ttf */ = {isa = PBXFileReference; lastKnownFileType = file; path = "Roboto-Bold.ttf"; sourceTree = "<group>"; };
		EA9C38032C7FBA22004B3CE1 /* SplashView.swift */ = {isa = PBXFileReference; lastKnownFileType = sourcecode.swift; path = SplashView.swift; sourceTree = "<group>"; };
		EA9C38062C7FBCD6004B3CE1 /* MainColors.swift */ = {isa = PBXFileReference; lastKnownFileType = sourcecode.swift; path = MainColors.swift; sourceTree = "<group>"; };
		EAF2EFA12C7EC760001B60B3 /* CSTV.app */ = {isa = PBXFileReference; explicitFileType = wrapper.application; includeInIndex = 0; path = CSTV.app; sourceTree = BUILT_PRODUCTS_DIR; };
		EAF2EFA42C7EC760001B60B3 /* CSTVApp.swift */ = {isa = PBXFileReference; lastKnownFileType = sourcecode.swift; path = CSTVApp.swift; sourceTree = "<group>"; };
		EAF2EFA82C7EC762001B60B3 /* Assets.xcassets */ = {isa = PBXFileReference; lastKnownFileType = folder.assetcatalog; path = Assets.xcassets; sourceTree = "<group>"; };
		EAF2EFAB2C7EC762001B60B3 /* Preview Assets.xcassets */ = {isa = PBXFileReference; lastKnownFileType = folder.assetcatalog; path = "Preview Assets.xcassets"; sourceTree = "<group>"; };
		EAF2EFB12C7EC763001B60B3 /* CSTVTests.xctest */ = {isa = PBXFileReference; explicitFileType = wrapper.cfbundle; includeInIndex = 0; path = CSTVTests.xctest; sourceTree = BUILT_PRODUCTS_DIR; };
/* End PBXFileReference section */

/* Begin PBXFrameworksBuildPhase section */
		EAF2EF9E2C7EC760001B60B3 /* Frameworks */ = {
			isa = PBXFrameworksBuildPhase;
			buildActionMask = 2147483647;
			files = (
			);
			runOnlyForDeploymentPostprocessing = 0;
		};
		EAF2EFAE2C7EC763001B60B3 /* Frameworks */ = {
			isa = PBXFrameworksBuildPhase;
			buildActionMask = 2147483647;
			files = (
			);
			runOnlyForDeploymentPostprocessing = 0;
		};
/* End PBXFrameworksBuildPhase section */

/* Begin PBXGroup section */
		EA9BCE6F2C83D0EE00F2A434 /* Resources */ = {
			isa = PBXGroup;
			children = (
				EA9BCE802C83F8D600F2A434 /* Fonts */,
				EA9BCE792C83DBD900F2A434 /* Info.plist */,
				EAF2EFA82C7EC762001B60B3 /* Assets.xcassets */,
				EA9BCE772C83D97600F2A434 /* Localizable.strings */,
			);
			path = Resources;
			sourceTree = "<group>";
		};
		EA9BCE702C83D14A00F2A434 /* List */ = {
			isa = PBXGroup;
			children = (
				EA8DB9B42C8016C400D80D94 /* MatchesList.swift */,
				EA8DB9B82C80197A00D80D94 /* MatchesList+ViewModel.swift */,
				EA8DB9B62C8018BE00D80D94 /* MatchRow.swift */,
				EA9BCE7E2C83EE6700F2A434 /* MatchRow+Model.swift */,
				EA9BCE7C2C83E65700F2A434 /* MatchTeams.swift */,
			);
			path = List;
			sourceTree = "<group>";
		};
		EA9BCE802C83F8D600F2A434 /* Fonts */ = {
			isa = PBXGroup;
			children = (
				EA9BCE822C83F91600F2A434 /* Roboto-Regular.ttf */,
				EA9BCE812C83F91500F2A434 /* Roboto-Medium.ttf */,
				EA9BCE832C83F91600F2A434 /* Roboto-Bold.ttf */,
			);
			path = Fonts;
			sourceTree = "<group>";
		};
		EA9C38052C7FBCB1004B3CE1 /* Foundation */ = {
			isa = PBXGroup;
			children = (
				EA9C38062C7FBCD6004B3CE1 /* MainColors.swift */,
				EA8CE9E12C841281009748C4 /* MainFonts.swift */,
				EA8CE9E32C84128D009748C4 /* MainImages.swift */,
				EA9BCE7A2C83E3DA00F2A434 /* PlaceholderImage.swift */,
			);
			path = Foundation;
			sourceTree = "<group>";
		};
		EAF2EF982C7EC760001B60B3 = {
			isa = PBXGroup;
			children = (
				EAF2EFA32C7EC760001B60B3 /* CSTV */,
				EAF2EFB42C7EC763001B60B3 /* CSTVTests */,
				EAF2EFA22C7EC760001B60B3 /* Products */,
			);
			sourceTree = "<group>";
		};
		EAF2EFA22C7EC760001B60B3 /* Products */ = {
			isa = PBXGroup;
			children = (
				EAF2EFA12C7EC760001B60B3 /* CSTV.app */,
				EAF2EFB12C7EC763001B60B3 /* CSTVTests.xctest */,
			);
			name = Products;
			sourceTree = "<group>";
		};
		EAF2EFA32C7EC760001B60B3 /* CSTV */ = {
			isa = PBXGroup;
			children = (
				EAF2EFAA2C7EC762001B60B3 /* Preview Content */,
				EA9BCE6F2C83D0EE00F2A434 /* Resources */,
				EA9C38052C7FBCB1004B3CE1 /* Foundation */,
				EA9C38032C7FBA22004B3CE1 /* SplashView.swift */,
				EAF2EFA42C7EC760001B60B3 /* CSTVApp.swift */,
				EA9BCE702C83D14A00F2A434 /* List */,
			);
			path = CSTV;
			sourceTree = "<group>";
		};
		EAF2EFAA2C7EC762001B60B3 /* Preview Content */ = {
			isa = PBXGroup;
			children = (
				EAF2EFAB2C7EC762001B60B3 /* Preview Assets.xcassets */,
			);
			path = "Preview Content";
			sourceTree = "<group>";
		};
		EAF2EFB42C7EC763001B60B3 /* CSTVTests */ = {
			isa = PBXGroup;
			children = (
				EA8DB9B22C800F5800D80D94 /* MainAssetsTests.swift */,
			);
			path = CSTVTests;
			sourceTree = "<group>";
		};
/* End PBXGroup section */

/* Begin PBXNativeTarget section */
		EAF2EFA02C7EC760001B60B3 /* CSTV */ = {
			isa = PBXNativeTarget;
			buildConfigurationList = EAF2EFC52C7EC763001B60B3 /* Build configuration list for PBXNativeTarget "CSTV" */;
			buildPhases = (
				EAF2EF9D2C7EC760001B60B3 /* Sources */,
				EAF2EF9E2C7EC760001B60B3 /* Frameworks */,
				EAF2EF9F2C7EC760001B60B3 /* Resources */,
			);
			buildRules = (
			);
			dependencies = (
			);
			name = CSTV;
			productName = CSTV;
			productReference = EAF2EFA12C7EC760001B60B3 /* CSTV.app */;
			productType = "com.apple.product-type.application";
		};
		EAF2EFB02C7EC763001B60B3 /* CSTVTests */ = {
			isa = PBXNativeTarget;
			buildConfigurationList = EAF2EFC82C7EC763001B60B3 /* Build configuration list for PBXNativeTarget "CSTVTests" */;
			buildPhases = (
				EAF2EFAD2C7EC763001B60B3 /* Sources */,
				EAF2EFAE2C7EC763001B60B3 /* Frameworks */,
				EAF2EFAF2C7EC763001B60B3 /* Resources */,
			);
			buildRules = (
			);
			dependencies = (
				EAF2EFB32C7EC763001B60B3 /* PBXTargetDependency */,
			);
			name = CSTVTests;
			productName = CSTVTests;
			productReference = EAF2EFB12C7EC763001B60B3 /* CSTVTests.xctest */;
			productType = "com.apple.product-type.bundle.unit-test";
		};
/* End PBXNativeTarget section */

/* Begin PBXProject section */
		EAF2EF992C7EC760001B60B3 /* Project object */ = {
			isa = PBXProject;
			attributes = {
				BuildIndependentTargetsInParallel = 1;
				LastSwiftUpdateCheck = 1420;
				LastUpgradeCheck = 1420;
				TargetAttributes = {
					EAF2EFA02C7EC760001B60B3 = {
						CreatedOnToolsVersion = 14.2;
					};
					EAF2EFB02C7EC763001B60B3 = {
						CreatedOnToolsVersion = 14.2;
						TestTargetID = EAF2EFA02C7EC760001B60B3;
					};
				};
			};
			buildConfigurationList = EAF2EF9C2C7EC760001B60B3 /* Build configuration list for PBXProject "CSTV" */;
			compatibilityVersion = "Xcode 14.0";
			developmentRegion = en;
			hasScannedForEncodings = 0;
			knownRegions = (
				en,
				"pt-BR",
			);
			mainGroup = EAF2EF982C7EC760001B60B3;
			productRefGroup = EAF2EFA22C7EC760001B60B3 /* Products */;
			projectDirPath = "";
			projectRoot = "";
			targets = (
				EAF2EFA02C7EC760001B60B3 /* CSTV */,
				EAF2EFB02C7EC763001B60B3 /* CSTVTests */,
			);
		};
/* End PBXProject section */

/* Begin PBXResourcesBuildPhase section */
		EAF2EF9F2C7EC760001B60B3 /* Resources */ = {
			isa = PBXResourcesBuildPhase;
			buildActionMask = 2147483647;
			files = (
				EA9BCE842C83F91600F2A434 /* Roboto-Medium.ttf in Resources */,
				EAF2EFAC2C7EC762001B60B3 /* Preview Assets.xcassets in Resources */,
				EA9BCE862C83F91600F2A434 /* Roboto-Bold.ttf in Resources */,
				EA9BCE852C83F91600F2A434 /* Roboto-Regular.ttf in Resources */,
				EA9BCE752C83D97600F2A434 /* Localizable.strings in Resources */,
				EAF2EFA92C7EC762001B60B3 /* Assets.xcassets in Resources */,
			);
			runOnlyForDeploymentPostprocessing = 0;
		};
		EAF2EFAF2C7EC763001B60B3 /* Resources */ = {
			isa = PBXResourcesBuildPhase;
			buildActionMask = 2147483647;
			files = (
			);
			runOnlyForDeploymentPostprocessing = 0;
		};
/* End PBXResourcesBuildPhase section */

/* Begin PBXSourcesBuildPhase section */
		EAF2EF9D2C7EC760001B60B3 /* Sources */ = {
			isa = PBXSourcesBuildPhase;
			buildActionMask = 2147483647;
			files = (
				EA8DB9B72C8018BE00D80D94 /* MatchRow.swift in Sources */,
				EA8CE9E22C841281009748C4 /* MainFonts.swift in Sources */,
				EA8CE9E42C84128D009748C4 /* MainImages.swift in Sources */,
				EAF2EFA52C7EC760001B60B3 /* CSTVApp.swift in Sources */,
				EA9BCE7F2C83EE6700F2A434 /* MatchRow+Model.swift in Sources */,
				EA9BCE7D2C83E65700F2A434 /* MatchTeams.swift in Sources */,
				EA8DB9B52C8016C400D80D94 /* MatchesList.swift in Sources */,
				EA9BCE7B2C83E3DA00F2A434 /* PlaceholderImage.swift in Sources */,
				EA9C38072C7FBCD6004B3CE1 /* MainColors.swift in Sources */,
				EA8DB9B92C80197A00D80D94 /* MatchesList+ViewModel.swift in Sources */,
				EA9C38042C7FBA22004B3CE1 /* SplashView.swift in Sources */,
			);
			runOnlyForDeploymentPostprocessing = 0;
		};
		EAF2EFAD2C7EC763001B60B3 /* Sources */ = {
			isa = PBXSourcesBuildPhase;
			buildActionMask = 2147483647;
			files = (
				EA8DB9B32C800F5800D80D94 /* MainAssetsTests.swift in Sources */,
			);
			runOnlyForDeploymentPostprocessing = 0;
		};
/* End PBXSourcesBuildPhase section */

/* Begin PBXTargetDependency section */
		EAF2EFB32C7EC763001B60B3 /* PBXTargetDependency */ = {
			isa = PBXTargetDependency;
			target = EAF2EFA02C7EC760001B60B3 /* CSTV */;
			targetProxy = EAF2EFB22C7EC763001B60B3 /* PBXContainerItemProxy */;
		};
/* End PBXTargetDependency section */

/* Begin PBXVariantGroup section */
		EA9BCE772C83D97600F2A434 /* Localizable.strings */ = {
			isa = PBXVariantGroup;
			children = (
				EA9BCE762C83D97600F2A434 /* en */,
				EA9BCE782C83D97900F2A434 /* pt-BR */,
			);
			name = Localizable.strings;
			sourceTree = "<group>";
		};
/* End PBXVariantGroup section */

/* Begin XCBuildConfiguration section */
		EAF2EFC32C7EC763001B60B3 /* Debug */ = {
			isa = XCBuildConfiguration;
			buildSettings = {
				ALWAYS_SEARCH_USER_PATHS = NO;
				CLANG_ANALYZER_NONNULL = YES;
				CLANG_ANALYZER_NUMBER_OBJECT_CONVERSION = YES_AGGRESSIVE;
				CLANG_CXX_LANGUAGE_STANDARD = "gnu++20";
				CLANG_ENABLE_MODULES = YES;
				CLANG_ENABLE_OBJC_ARC = YES;
				CLANG_ENABLE_OBJC_WEAK = YES;
				CLANG_WARN_BLOCK_CAPTURE_AUTORELEASING = YES;
				CLANG_WARN_BOOL_CONVERSION = YES;
				CLANG_WARN_COMMA = YES;
				CLANG_WARN_CONSTANT_CONVERSION = YES;
				CLANG_WARN_DEPRECATED_OBJC_IMPLEMENTATIONS = YES;
				CLANG_WARN_DIRECT_OBJC_ISA_USAGE = YES_ERROR;
				CLANG_WARN_DOCUMENTATION_COMMENTS = YES;
				CLANG_WARN_EMPTY_BODY = YES;
				CLANG_WARN_ENUM_CONVERSION = YES;
				CLANG_WARN_INFINITE_RECURSION = YES;
				CLANG_WARN_INT_CONVERSION = YES;
				CLANG_WARN_NON_LITERAL_NULL_CONVERSION = YES;
				CLANG_WARN_OBJC_IMPLICIT_RETAIN_SELF = YES;
				CLANG_WARN_OBJC_LITERAL_CONVERSION = YES;
				CLANG_WARN_OBJC_ROOT_CLASS = YES_ERROR;
				CLANG_WARN_QUOTED_INCLUDE_IN_FRAMEWORK_HEADER = YES;
				CLANG_WARN_RANGE_LOOP_ANALYSIS = YES;
				CLANG_WARN_STRICT_PROTOTYPES = YES;
				CLANG_WARN_SUSPICIOUS_MOVE = YES;
				CLANG_WARN_UNGUARDED_AVAILABILITY = YES_AGGRESSIVE;
				CLANG_WARN_UNREACHABLE_CODE = YES;
				CLANG_WARN__DUPLICATE_METHOD_MATCH = YES;
				COPY_PHASE_STRIP = NO;
				DEBUG_INFORMATION_FORMAT = dwarf;
				ENABLE_STRICT_OBJC_MSGSEND = YES;
				ENABLE_TESTABILITY = YES;
				GCC_C_LANGUAGE_STANDARD = gnu11;
				GCC_DYNAMIC_NO_PIC = NO;
				GCC_NO_COMMON_BLOCKS = YES;
				GCC_OPTIMIZATION_LEVEL = 0;
				GCC_PREPROCESSOR_DEFINITIONS = (
					"DEBUG=1",
					"$(inherited)",
				);
				GCC_WARN_64_TO_32_BIT_CONVERSION = YES;
				GCC_WARN_ABOUT_RETURN_TYPE = YES_ERROR;
				GCC_WARN_UNDECLARED_SELECTOR = YES;
				GCC_WARN_UNINITIALIZED_AUTOS = YES_AGGRESSIVE;
				GCC_WARN_UNUSED_FUNCTION = YES;
				GCC_WARN_UNUSED_VARIABLE = YES;
				IPHONEOS_DEPLOYMENT_TARGET = 16.0;
				MTL_ENABLE_DEBUG_INFO = INCLUDE_SOURCE;
				MTL_FAST_MATH = YES;
				ONLY_ACTIVE_ARCH = YES;
				SDKROOT = iphoneos;
				SWIFT_ACTIVE_COMPILATION_CONDITIONS = DEBUG;
				SWIFT_OPTIMIZATION_LEVEL = "-Onone";
			};
			name = Debug;
		};
		EAF2EFC42C7EC763001B60B3 /* Release */ = {
			isa = XCBuildConfiguration;
			buildSettings = {
				ALWAYS_SEARCH_USER_PATHS = NO;
				CLANG_ANALYZER_NONNULL = YES;
				CLANG_ANALYZER_NUMBER_OBJECT_CONVERSION = YES_AGGRESSIVE;
				CLANG_CXX_LANGUAGE_STANDARD = "gnu++20";
				CLANG_ENABLE_MODULES = YES;
				CLANG_ENABLE_OBJC_ARC = YES;
				CLANG_ENABLE_OBJC_WEAK = YES;
				CLANG_WARN_BLOCK_CAPTURE_AUTORELEASING = YES;
				CLANG_WARN_BOOL_CONVERSION = YES;
				CLANG_WARN_COMMA = YES;
				CLANG_WARN_CONSTANT_CONVERSION = YES;
				CLANG_WARN_DEPRECATED_OBJC_IMPLEMENTATIONS = YES;
				CLANG_WARN_DIRECT_OBJC_ISA_USAGE = YES_ERROR;
				CLANG_WARN_DOCUMENTATION_COMMENTS = YES;
				CLANG_WARN_EMPTY_BODY = YES;
				CLANG_WARN_ENUM_CONVERSION = YES;
				CLANG_WARN_INFINITE_RECURSION = YES;
				CLANG_WARN_INT_CONVERSION = YES;
				CLANG_WARN_NON_LITERAL_NULL_CONVERSION = YES;
				CLANG_WARN_OBJC_IMPLICIT_RETAIN_SELF = YES;
				CLANG_WARN_OBJC_LITERAL_CONVERSION = YES;
				CLANG_WARN_OBJC_ROOT_CLASS = YES_ERROR;
				CLANG_WARN_QUOTED_INCLUDE_IN_FRAMEWORK_HEADER = YES;
				CLANG_WARN_RANGE_LOOP_ANALYSIS = YES;
				CLANG_WARN_STRICT_PROTOTYPES = YES;
				CLANG_WARN_SUSPICIOUS_MOVE = YES;
				CLANG_WARN_UNGUARDED_AVAILABILITY = YES_AGGRESSIVE;
				CLANG_WARN_UNREACHABLE_CODE = YES;
				CLANG_WARN__DUPLICATE_METHOD_MATCH = YES;
				COPY_PHASE_STRIP = NO;
				DEBUG_INFORMATION_FORMAT = "dwarf-with-dsym";
				ENABLE_NS_ASSERTIONS = NO;
				ENABLE_STRICT_OBJC_MSGSEND = YES;
				GCC_C_LANGUAGE_STANDARD = gnu11;
				GCC_NO_COMMON_BLOCKS = YES;
				GCC_WARN_64_TO_32_BIT_CONVERSION = YES;
				GCC_WARN_ABOUT_RETURN_TYPE = YES_ERROR;
				GCC_WARN_UNDECLARED_SELECTOR = YES;
				GCC_WARN_UNINITIALIZED_AUTOS = YES_AGGRESSIVE;
				GCC_WARN_UNUSED_FUNCTION = YES;
				GCC_WARN_UNUSED_VARIABLE = YES;
				IPHONEOS_DEPLOYMENT_TARGET = 16.0;
				MTL_ENABLE_DEBUG_INFO = NO;
				MTL_FAST_MATH = YES;
				SDKROOT = iphoneos;
				SWIFT_COMPILATION_MODE = wholemodule;
				SWIFT_OPTIMIZATION_LEVEL = "-O";
				VALIDATE_PRODUCT = YES;
			};
			name = Release;
		};
		EAF2EFC62C7EC763001B60B3 /* Debug */ = {
			isa = XCBuildConfiguration;
			buildSettings = {
				ASSETCATALOG_COMPILER_APPICON_NAME = AppIcon;
				ASSETCATALOG_COMPILER_GLOBAL_ACCENT_COLOR_NAME = AccentColor;
				CODE_SIGN_STYLE = Automatic;
				CURRENT_PROJECT_VERSION = 1;
				DEVELOPMENT_ASSET_PATHS = "\"CSTV/Preview Content\"";
				ENABLE_PREVIEWS = YES;
				GENERATE_INFOPLIST_FILE = YES;
				INFOPLIST_FILE = CSTV/Resources/Info.plist;
				INFOPLIST_KEY_UIApplicationSupportsIndirectInputEvents = YES;
				INFOPLIST_KEY_UILaunchScreen_Generation = YES;
				INFOPLIST_KEY_UISupportedInterfaceOrientations = UIInterfaceOrientationPortrait;
				INFOPLIST_KEY_UISupportedInterfaceOrientations_iPad = "UIInterfaceOrientationLandscapeLeft UIInterfaceOrientationLandscapeRight UIInterfaceOrientationPortrait UIInterfaceOrientationPortraitUpsideDown";
				LD_RUNPATH_SEARCH_PATHS = (
					"$(inherited)",
					"@executable_path/Frameworks",
				);
				MARKETING_VERSION = 1.0;
				PRODUCT_BUNDLE_IDENTIFIER = com.Buske.CSTV;
				PRODUCT_NAME = "$(TARGET_NAME)";
				SUPPORTED_PLATFORMS = "iphoneos iphonesimulator";
				SUPPORTS_MACCATALYST = NO;
				SUPPORTS_MAC_DESIGNED_FOR_IPHONE_IPAD = NO;
				SWIFT_EMIT_LOC_STRINGS = YES;
				SWIFT_VERSION = 5.0;
				TARGETED_DEVICE_FAMILY = 1;
			};
			name = Debug;
		};
		EAF2EFC72C7EC763001B60B3 /* Release */ = {
			isa = XCBuildConfiguration;
			buildSettings = {
				ASSETCATALOG_COMPILER_APPICON_NAME = AppIcon;
				ASSETCATALOG_COMPILER_GLOBAL_ACCENT_COLOR_NAME = AccentColor;
				CODE_SIGN_STYLE = Automatic;
				CURRENT_PROJECT_VERSION = 1;
				DEVELOPMENT_ASSET_PATHS = "\"CSTV/Preview Content\"";
				ENABLE_PREVIEWS = YES;
				GENERATE_INFOPLIST_FILE = YES;
				INFOPLIST_FILE = CSTV/Resources/Info.plist;
				INFOPLIST_KEY_UIApplicationSupportsIndirectInputEvents = YES;
				INFOPLIST_KEY_UILaunchScreen_Generation = YES;
				INFOPLIST_KEY_UISupportedInterfaceOrientations = UIInterfaceOrientationPortrait;
				INFOPLIST_KEY_UISupportedInterfaceOrientations_iPad = "UIInterfaceOrientationLandscapeLeft UIInterfaceOrientationLandscapeRight UIInterfaceOrientationPortrait UIInterfaceOrientationPortraitUpsideDown";
				LD_RUNPATH_SEARCH_PATHS = (
					"$(inherited)",
					"@executable_path/Frameworks",
				);
				MARKETING_VERSION = 1.0;
				PRODUCT_BUNDLE_IDENTIFIER = com.Buske.CSTV;
				PRODUCT_NAME = "$(TARGET_NAME)";
				SUPPORTED_PLATFORMS = "iphoneos iphonesimulator";
				SUPPORTS_MACCATALYST = NO;
				SUPPORTS_MAC_DESIGNED_FOR_IPHONE_IPAD = NO;
				SWIFT_EMIT_LOC_STRINGS = YES;
				SWIFT_VERSION = 5.0;
				TARGETED_DEVICE_FAMILY = 1;
			};
			name = Release;
		};
		EAF2EFC92C7EC763001B60B3 /* Debug */ = {
			isa = XCBuildConfiguration;
			buildSettings = {
				ALWAYS_EMBED_SWIFT_STANDARD_LIBRARIES = YES;
				BUNDLE_LOADER = "$(TEST_HOST)";
				CODE_SIGN_STYLE = Automatic;
				CURRENT_PROJECT_VERSION = 1;
				GENERATE_INFOPLIST_FILE = YES;
				MARKETING_VERSION = 1.0;
				PRODUCT_BUNDLE_IDENTIFIER = com.Buske.CSTVTests;
				PRODUCT_NAME = "$(TARGET_NAME)";
				SUPPORTED_PLATFORMS = "iphoneos iphonesimulator";
				SUPPORTS_MACCATALYST = NO;
				SUPPORTS_MAC_DESIGNED_FOR_IPHONE_IPAD = NO;
				SWIFT_EMIT_LOC_STRINGS = NO;
				SWIFT_VERSION = 5.0;
				TARGETED_DEVICE_FAMILY = 1;
				TEST_HOST = "$(BUILT_PRODUCTS_DIR)/CSTV.app/$(BUNDLE_EXECUTABLE_FOLDER_PATH)/CSTV";
			};
			name = Debug;
		};
		EAF2EFCA2C7EC763001B60B3 /* Release */ = {
			isa = XCBuildConfiguration;
			buildSettings = {
				ALWAYS_EMBED_SWIFT_STANDARD_LIBRARIES = YES;
				BUNDLE_LOADER = "$(TEST_HOST)";
				CODE_SIGN_STYLE = Automatic;
				CURRENT_PROJECT_VERSION = 1;
				GENERATE_INFOPLIST_FILE = YES;
				MARKETING_VERSION = 1.0;
				PRODUCT_BUNDLE_IDENTIFIER = com.Buske.CSTVTests;
				PRODUCT_NAME = "$(TARGET_NAME)";
				SUPPORTED_PLATFORMS = "iphoneos iphonesimulator";
				SUPPORTS_MACCATALYST = NO;
				SUPPORTS_MAC_DESIGNED_FOR_IPHONE_IPAD = NO;
				SWIFT_EMIT_LOC_STRINGS = NO;
				SWIFT_VERSION = 5.0;
				TARGETED_DEVICE_FAMILY = 1;
				TEST_HOST = "$(BUILT_PRODUCTS_DIR)/CSTV.app/$(BUNDLE_EXECUTABLE_FOLDER_PATH)/CSTV";
			};
			name = Release;
		};
/* End XCBuildConfiguration section */

/* Begin XCConfigurationList section */
		EAF2EF9C2C7EC760001B60B3 /* Build configuration list for PBXProject "CSTV" */ = {
			isa = XCConfigurationList;
			buildConfigurations = (
				EAF2EFC32C7EC763001B60B3 /* Debug */,
				EAF2EFC42C7EC763001B60B3 /* Release */,
			);
			defaultConfigurationIsVisible = 0;
			defaultConfigurationName = Release;
		};
		EAF2EFC52C7EC763001B60B3 /* Build configuration list for PBXNativeTarget "CSTV" */ = {
			isa = XCConfigurationList;
			buildConfigurations = (
				EAF2EFC62C7EC763001B60B3 /* Debug */,
				EAF2EFC72C7EC763001B60B3 /* Release */,
			);
			defaultConfigurationIsVisible = 0;
			defaultConfigurationName = Release;
		};
		EAF2EFC82C7EC763001B60B3 /* Build configuration list for PBXNativeTarget "CSTVTests" */ = {
			isa = XCConfigurationList;
			buildConfigurations = (
				EAF2EFC92C7EC763001B60B3 /* Debug */,
				EAF2EFCA2C7EC763001B60B3 /* Release */,
			);
			defaultConfigurationIsVisible = 0;
			defaultConfigurationName = Release;
		};
/* End XCConfigurationList section */
	};
	rootObject = EAF2EF992C7EC760001B60B3 /* Project object */;
}
